# This file is generated by running "yarn install" inside your project.
# Manual changes might be lost - proceed with caution!

__metadata:
  version: 8
  cacheKey: 10c0

"@seed/seed-cli@workspace:packages/seed-cli":
  version: 0.0.0-use.local
  resolution: "@seed/seed-cli@workspace:packages/seed-cli"
  languageName: unknown
  linkType: soft

"@seed/seed-core@workspace:packages/seed-core":
  version: 0.0.0-use.local
  resolution: "@seed/seed-core@workspace:packages/seed-core"
  languageName: unknown
  linkType: soft

"@seed/seed-lab@workspace:packages/seed-lab":
  version: 0.0.0-use.local
  resolution: "@seed/seed-lab@workspace:packages/seed-lab"
  languageName: unknown
  linkType: soft

"@seed/seed-runtime@workspace:packages/seed-runtime":
  version: 0.0.0-use.local
  resolution: "@seed/seed-runtime@workspace:packages/seed-runtime"
  languageName: unknown
  linkType: soft

"@types/node@npm:^26":
  version: 26.6.3
  resolution: "@types/node@npm:26.6.3"
  dependencies:
    undici-types: "npm:~8.9.0"
  checksum: 10c0/51070287167d157d246a5ad83e6ead93aa310bbd9cc880ecd1f244a00c2a31491620f997fbbb6ba4ce164388694827999ec68c1d16c3fb64c1037056e64613c7
  languageName: node
  linkType: hard

"seed-monorepo@workspace:.":
  version: 0.0.0-use.local
  resolution: "seed-monorepo@workspace:."
  dependencies:
    "@types/node": "npm:^26"
    typescript: "npm:^5.9.3"
  languageName: unknown
  linkType: soft

"typescript@npm:^5.9.3":
  version: 5.9.3
  resolution: "typescript@npm:5.9.3"
  bin:
    tsc: bin/tsc
    tsserver: bin/tsserver
  checksum: 10c0/6bd7552ce39f97e711db5aa048f6f9995b53f1c52f7d8667c1abdc1700c68a76a308f579cd309ce6b53646deb4e9a1be7c813a93baaf0a28ccd536a30270e1c5
  languageName: node
  linkType: hard

"typescript@patch:typescript@npm%3A^5.9.3#optional!builtin<compat/typescript>":
  version: 5.9.3
  resolution: "typescript@patch:typescript@npm%3A5.9.3#optional!builtin<compat/typescript>::version=5.9.3&hash=5786d5"
  bin:
    tsc: bin/tsc
    tsserver: bin/tsserver
  checksum: 10c0/ad09fdf7a756814dce65bc60c1657b40d44451346858eea230e10f2e95a289d9183b6e32e5c11e95acc0ccc214b4f36289dcad4bf1886b0adb84d711d336a430
  languageName: node
  linkType: hard

"undici-types@npm:~8.9.0":
  version: 8.9.0
  resolution: "undici-types@npm:8.9.0"
  checksum: 10c0/51c712c20c087368f62c6fc0f2bc49fa76bfe5dec28ff01584bb677ff29b0622569783c02d43e151143808c48c0503f804093bd2c491b10f2a830138034cb451
  languageName: node
  linkType: hard
