# This file is generated by running "yarn install" inside your project.
# Manual changes might be lost - proceed with caution!

__metadata:
  version: 8
  cacheKey: 10c0

"@carterlasalle/seed-cli@workspace:packages/seed-cli":
  version: 0.0.0-use.local
  resolution: "@carterlasalle/seed-cli@workspace:packages/seed-cli"
  dependencies:
    "@carterlasalle/seed-core": "npm:0.1.5"
    "@carterlasalle/seed-lab": "npm:0.1.5"
    "@carterlasalle/seed-runtime": "npm:0.1.5"
  bin:
    seed: dist/cli.js
  languageName: unknown
  linkType: soft

"@carterlasalle/seed-core@npm:0.1.5, @carterlasalle/seed-core@workspace:packages/seed-core":
  version: 0.0.0-use.local
  resolution: "@carterlasalle/seed-core@workspace:packages/seed-core"
  languageName: unknown
  linkType: soft

"@carterlasalle/seed-lab@npm:0.1.5, @carterlasalle/seed-lab@workspace:packages/seed-lab":
  version: 0.0.0-use.local
  resolution: "@carterlasalle/seed-lab@workspace:packages/seed-lab"
  dependencies:
    "@carterlasalle/seed-core": "npm:0.1.5"
    "@carterlasalle/seed-runtime": "npm:0.1.5"
  languageName: unknown
  linkType: soft

"@carterlasalle/seed-runtime@npm:0.1.5, @carterlasalle/seed-runtime@workspace:packages/seed-runtime":
  version: 0.0.0-use.local
  resolution: "@carterlasalle/seed-runtime@workspace:packages/seed-runtime"
  dependencies:
    "@carterlasalle/seed-core": "npm:0.1.5"
  languageName: unknown
  linkType: soft

"@types/node@npm:^22":
  version: 22.20.4
  resolution: "@types/node@npm:22.20.4"
  dependencies:
    undici-types: "npm:~6.21.0"
  checksum: 10c0/3a17e19f7b7b7a6d6c695ef8b0a34b70f84829a1539f57d338487bc3b51ddd4ca86ffbcbcc4f1307a41de83d02c1b7dfbb16e8cb6a9c3a8360b4306ccf9ead2d
  languageName: node
  linkType: hard

"seed-monorepo@workspace:.":
  version: 0.0.0-use.local
  resolution: "seed-monorepo@workspace:."
  dependencies:
    "@types/node": "npm:^22"
    typescript: "npm:^5.9.3"
  languageName: unknown
  linkType: soft

"typescript@npm:^5.9.3":
  version: 5.9.3
  resolution: "typescript@npm:5.9.3"
  bin:
    tsc: bin/tsc
    tsserver: bin/tsserver
  checksum: 10c0/6bd7552ce39f97e711db5aa048f6f9995b53f1c52f7d8667c1abdc1700c68a76a308f579cd309ce6b53646deb4e9a1be7c813a93baaf0a28ccd536a30270e1c5
  languageName: node
  linkType: hard

"typescript@patch:typescript@npm%3A^5.9.3#optional!builtin<compat/typescript>":
  version: 5.9.3
  resolution: "typescript@patch:typescript@npm%3A5.9.3#optional!builtin<compat/typescript>::version=5.9.3&hash=5786d5"
  bin:
    tsc: bin/tsc
    tsserver: bin/tsserver
  checksum: 10c0/ad09fdf7a756814dce65bc60c1657b40d44451346858eea230e10f2e95a289d9183b6e32e5c11e95acc0ccc214b4f36289dcad4bf1886b0adb84d711d336a430
  languageName: node
  linkType: hard

"undici-types@npm:~6.21.0":
  version: 6.21.0
  resolution: "undici-types@npm:6.21.0"
  checksum: 10c0/c01ed51829b10aa72fc3ce64b747f8e74ae9b60eafa19a7b46ef624403508a54c526ffab06a14a26b3120d055e1104d7abe7c9017e83ced038ea5cf52f8d5e04
  languageName: node
  linkType: hard
